
Microsoft Visual Studio Solution File, Format Version 12.00
# Visual Studio Version 17
VisualStudioVersion = 17.11.35312.102
MinimumVisualStudioVersion = 10.0.40219.1
Project("{8BC9CEB8-8B4A-11D0-8D11-00A0C91BC942}") = "QTTableLearning", "QTTableLearning.vcxproj", "{83F1DE42-AE04-4218-8974-02E447AF8EF1}"
EndProject
Global
	GlobalSection(SolutionConfigurationPlatforms) = preSolution
		Debug|x64 = Debug|x64
		Release|x64 = Release|x64
	EndGlobalSection
	GlobalSection(ProjectConfigurationPlatforms) = postSolution
		{83F1DE42-AE04-4218-8974-02E447AF8EF1}.Debug|x64.ActiveCfg = Debug|x64
		{83F1DE42-AE04-4218-8974-02E447AF8EF1}.Debug|x64.Build.0 = Debug|x64
		{83F1DE42-AE04-4218-8974-02E447AF8EF1}.Release|x64.ActiveCfg = Release|x64
		{83F1DE42-AE04-4218-8974-02E447AF8EF1}.Release|x64.Build.0 = Release|x64
	EndGlobalSection
	GlobalSection(SolutionProperties) = preSolution
		HideSolutionNode = FALSE
	EndGlobalSection
	GlobalSection(ExtensibilityGlobals) = postSolution
		SolutionGuid = {A0FC9614-75AB-4B5E-BE0C-6B7DEAC4FF12}
	EndGlobalSection
EndGlobal
